
Microsoft Visual Studio Solution File, Format Version 11.00
# Visual C# Express 2010
Project("{FAE04EC0-301F-11D3-BF4B-00C04F79EFBC}") = "MegaMaple", "MegaMaple\MegaMaple\MegaMaple.csproj", "{021D9B4C-C0F8-4772-9BCA-9275FAED4E41}"
EndProject
Project("{FAE04EC0-301F-11D3-BF4B-00C04F79EFBC}") = "MegaMapleContent", "MegaMaple\MegaMapleContent\MegaMapleContent.contentproj", "{F4B97D77-D5FB-4AD5-85E2-9D14CD49AC93}"
EndProject
Global
	GlobalSection(SolutionConfigurationPlatforms) = preSolution
		Debug|x86 = Debug|x86
		Release|x86 = Release|x86
	EndGlobalSection
	GlobalSection(ProjectConfigurationPlatforms) = postSolution
		{021D9B4C-C0F8-4772-9BCA-9275FAED4E41}.Debug|x86.ActiveCfg = Debug|x86
		{021D9B4C-C0F8-4772-9BCA-9275FAED4E41}.Debug|x86.Build.0 = Debug|x86
		{021D9B4C-C0F8-4772-9BCA-9275FAED4E41}.Release|x86.ActiveCfg = Release|x86
		{021D9B4C-C0F8-4772-9BCA-9275FAED4E41}.Release|x86.Build.0 = Release|x86
		{F4B97D77-D5FB-4AD5-85E2-9D14CD49AC93}.Debug|x86.ActiveCfg = Debug|x86
		{F4B97D77-D5FB-4AD5-85E2-9D14CD49AC93}.Release|x86.ActiveCfg = Release|x86
	EndGlobalSection
	GlobalSection(SolutionProperties) = preSolution
		HideSolutionNode = FALSE
	EndGlobalSection
EndGlobal
